
Microsoft Visual Studio Solution File, Format Version 12.00
# Visual Studio Version 17
VisualStudioVersion = 17.1.32407.343
MinimumVisualStudioVersion = 10.0.40219.1
Project("{9A19103F-16F7-4668-BE54-9A1E7A4F7556}") = "GraphChecker", "GraphChecker\GraphChecker.csproj", "{83CE1203-F97C-40E2-94F3-1774F988B630}"
EndProject
Project("{FAE04EC0-301F-11D3-BF4B-00C04F79EFBC}") = "GraphCheckerTests", "GraphCheckerTests\GraphCheckerTests.csproj", "{DA2D0FFF-A0DA-4894-B246-69AA8EBE246F}"
	ProjectSection(ProjectDependencies) = postProject
		{83CE1203-F97C-40E2-94F3-1774F988B630} = {83CE1203-F97C-40E2-94F3-1774F988B630}
	EndProjectSection
EndProject
Global
	GlobalSection(SolutionConfigurationPlatforms) = preSolution
		Debug|Any CPU = Debug|Any CPU
		Release|Any CPU = Release|Any CPU
	EndGlobalSection
	GlobalSection(ProjectConfigurationPlatforms) = postSolution
		{83CE1203-F97C-40E2-94F3-1774F988B630}.Debug|Any CPU.ActiveCfg = Debug|Any CPU
		{83CE1203-F97C-40E2-94F3-1774F988B630}.Debug|Any CPU.Build.0 = Debug|Any CPU
		{83CE1203-F97C-40E2-94F3-1774F988B630}.Release|Any CPU.ActiveCfg = Release|Any CPU
		{83CE1203-F97C-40E2-94F3-1774F988B630}.Release|Any CPU.Build.0 = Release|Any CPU
		{DA2D0FFF-A0DA-4894-B246-69AA8EBE246F}.Debug|Any CPU.ActiveCfg = Debug|Any CPU
		{DA2D0FFF-A0DA-4894-B246-69AA8EBE246F}.Debug|Any CPU.Build.0 = Debug|Any CPU
		{DA2D0FFF-A0DA-4894-B246-69AA8EBE246F}.Release|Any CPU.ActiveCfg = Release|Any CPU
		{DA2D0FFF-A0DA-4894-B246-69AA8EBE246F}.Release|Any CPU.Build.0 = Release|Any CPU
	EndGlobalSection
	GlobalSection(SolutionProperties) = preSolution
		HideSolutionNode = FALSE
	EndGlobalSection
	GlobalSection(ExtensibilityGlobals) = postSolution
		SolutionGuid = {D69FE756-CE4B-47B9-AE1A-29C7FE3CA45E}
	EndGlobalSection
EndGlobal
